
Microsoft Visual Studio Solution File, Format Version 12.00
# Visual Studio 14
VisualStudioVersion = 14.0.22823.1
MinimumVisualStudioVersion = 10.0.40219.1
Project("{FAE04EC0-301F-11D3-BF4B-00C04F79EFBC}") = "NaturalDateTime.Tests", "NaturalDateTime.Tests\NaturalDateTime.Tests.csproj", "{8562B6BB-9190-43CA-A1AC-404292903B37}"
EndProject
Project("{FAE04EC0-301F-11D3-BF4B-00C04F79EFBC}") = "NaturalDateTime", "NaturalDateTime\NaturalDateTime.csproj", "{4D26B4FE-63F1-48B9-B7B7-BDCE753AAF5C}"
EndProject
Project("{FAE04EC0-301F-11D3-BF4B-00C04F79EFBC}") = "NaturalDateTime.CityIndex", "NaturalDateTime.CityIndex\NaturalDateTime.CityIndex.csproj", "{1EE6D59F-AB80-4F0D-BAC3-619F5BE56A9C}"
EndProject
Project("{FAE04EC0-301F-11D3-BF4B-00C04F79EFBC}") = "NaturalDateTime.Console", "NaturalDateTime.Console\NaturalDateTime.Console.csproj", "{045A5C14-D46A-48B2-AAC4-E18ECA458081}"
EndProject
Project("{FAE04EC0-301F-11D3-BF4B-00C04F79EFBC}") = "NaturalDateTime.Web", "NaturalDateTime.Web\NaturalDateTime.Web.csproj", "{8FC3C43E-ED87-477A-B4CB-48A5286A18F3}"
EndProject
Global
	GlobalSection(SolutionConfigurationPlatforms) = preSolution
		Debug|Any CPU = Debug|Any CPU
		Debug|x86 = Debug|x86
		Release|Any CPU = Release|Any CPU
		Release|x86 = Release|x86
	EndGlobalSection
	GlobalSection(ProjectConfigurationPlatforms) = postSolution
		{8562B6BB-9190-43CA-A1AC-404292903B37}.Debug|Any CPU.ActiveCfg = Debug|Any CPU
		{8562B6BB-9190-43CA-A1AC-404292903B37}.Debug|Any CPU.Build.0 = Debug|Any CPU
		{8562B6BB-9190-43CA-A1AC-404292903B37}.Debug|x86.ActiveCfg = Debug|Any CPU
		{8562B6BB-9190-43CA-A1AC-404292903B37}.Debug|x86.Build.0 = Debug|Any CPU
		{8562B6BB-9190-43CA-A1AC-404292903B37}.Release|Any CPU.ActiveCfg = Release|Any CPU
		{8562B6BB-9190-43CA-A1AC-404292903B37}.Release|Any CPU.Build.0 = Release|Any CPU
		{8562B6BB-9190-43CA-A1AC-404292903B37}.Release|x86.ActiveCfg = Release|Any CPU
		{8562B6BB-9190-43CA-A1AC-404292903B37}.Release|x86.Build.0 = Release|Any CPU
		{4D26B4FE-63F1-48B9-B7B7-BDCE753AAF5C}.Debug|Any CPU.ActiveCfg = Debug|Any CPU
		{4D26B4FE-63F1-48B9-B7B7-BDCE753AAF5C}.Debug|Any CPU.Build.0 = Debug|Any CPU
		{4D26B4FE-63F1-48B9-B7B7-BDCE753AAF5C}.Debug|x86.ActiveCfg = Debug|Any CPU
		{4D26B4FE-63F1-48B9-B7B7-BDCE753AAF5C}.Debug|x86.Build.0 = Debug|Any CPU
		{4D26B4FE-63F1-48B9-B7B7-BDCE753AAF5C}.Release|Any CPU.ActiveCfg = Release|Any CPU
		{4D26B4FE-63F1-48B9-B7B7-BDCE753AAF5C}.Release|Any CPU.Build.0 = Release|Any CPU
		{4D26B4FE-63F1-48B9-B7B7-BDCE753AAF5C}.Release|x86.ActiveCfg = Release|Any CPU
		{4D26B4FE-63F1-48B9-B7B7-BDCE753AAF5C}.Release|x86.Build.0 = Release|Any CPU
		{1EE6D59F-AB80-4F0D-BAC3-619F5BE56A9C}.Debug|Any CPU.ActiveCfg = Debug|x86
		{1EE6D59F-AB80-4F0D-BAC3-619F5BE56A9C}.Debug|x86.ActiveCfg = Debug|x86
		{1EE6D59F-AB80-4F0D-BAC3-619F5BE56A9C}.Debug|x86.Build.0 = Debug|x86
		{1EE6D59F-AB80-4F0D-BAC3-619F5BE56A9C}.Release|Any CPU.ActiveCfg = Release|x86
		{1EE6D59F-AB80-4F0D-BAC3-619F5BE56A9C}.Release|x86.ActiveCfg = Release|x86
		{1EE6D59F-AB80-4F0D-BAC3-619F5BE56A9C}.Release|x86.Build.0 = Release|x86
		{045A5C14-D46A-48B2-AAC4-E18ECA458081}.Debug|Any CPU.ActiveCfg = Debug|Any CPU
		{045A5C14-D46A-48B2-AAC4-E18ECA458081}.Debug|Any CPU.Build.0 = Debug|Any CPU
		{045A5C14-D46A-48B2-AAC4-E18ECA458081}.Debug|x86.ActiveCfg = Debug|Any CPU
		{045A5C14-D46A-48B2-AAC4-E18ECA458081}.Debug|x86.Build.0 = Debug|Any CPU
		{045A5C14-D46A-48B2-AAC4-E18ECA458081}.Release|Any CPU.ActiveCfg = Release|Any CPU
		{045A5C14-D46A-48B2-AAC4-E18ECA458081}.Release|Any CPU.Build.0 = Release|Any CPU
		{045A5C14-D46A-48B2-AAC4-E18ECA458081}.Release|x86.ActiveCfg = Release|Any CPU
		{045A5C14-D46A-48B2-AAC4-E18ECA458081}.Release|x86.Build.0 = Release|Any CPU
		{8FC3C43E-ED87-477A-B4CB-48A5286A18F3}.Debug|Any CPU.ActiveCfg = Debug|Any CPU
		{8FC3C43E-ED87-477A-B4CB-48A5286A18F3}.Debug|Any CPU.Build.0 = Debug|Any CPU
		{8FC3C43E-ED87-477A-B4CB-48A5286A18F3}.Debug|x86.ActiveCfg = Debug|Any CPU
		{8FC3C43E-ED87-477A-B4CB-48A5286A18F3}.Debug|x86.Build.0 = Debug|Any CPU
		{8FC3C43E-ED87-477A-B4CB-48A5286A18F3}.Release|Any CPU.ActiveCfg = Release|Any CPU
		{8FC3C43E-ED87-477A-B4CB-48A5286A18F3}.Release|Any CPU.Build.0 = Release|Any CPU
		{8FC3C43E-ED87-477A-B4CB-48A5286A18F3}.Release|x86.ActiveCfg = Release|Any CPU
		{8FC3C43E-ED87-477A-B4CB-48A5286A18F3}.Release|x86.Build.0 = Release|Any CPU
	EndGlobalSection
	GlobalSection(SolutionProperties) = preSolution
		HideSolutionNode = FALSE
	EndGlobalSection
	GlobalSection(MonoDevelopProperties) = preSolution
		StartupItem = NaturalDateTime.Web\NaturalDateTime.Web.csproj
	EndGlobalSection
EndGlobal
